
Microsoft Visual Studio Solution File, Format Version 12.00
# Visual Studio Version 17
VisualStudioVersion = 17.6.33723.286
MinimumVisualStudioVersion = 10.0.40219.1
Project("{9A19103F-16F7-4668-BE54-9A1E7A4F7556}") = "Peponi.Utility", "Peponi.Utility\Peponi.Utility.csproj", "{85C4465C-A69F-4D74-ABEF-B111786CA61A}"
EndProject
Project("{2150E333-8FDC-42A3-9474-1A3956D46DE8}") = "Docs", "Docs", "{105A6AF0-1FED-4E5F-9AEB-4FD5CD06AEFD}"
	ProjectSection(SolutionItems) = preProject
		Docs\LICENSE.md = Docs\LICENSE.md
		Docs\README.md = Docs\README.md
	EndProjectSection
EndProject
Project("{9A19103F-16F7-4668-BE54-9A1E7A4F7556}") = "Peponi.Utility.Tests", "Peponi.Utility.Tests\Peponi.Utility.Tests.csproj", "{C9467B83-46C3-4F51-94D1-4A4831B4AFC7}"
EndProject
Project("{9A19103F-16F7-4668-BE54-9A1E7A4F7556}") = "Peponi.Core", "..\Peponi.Core\Peponi.Core\Peponi.Core.csproj", "{73465541-BF08-4618-8338-65E34577E17C}"
EndProject
Global
	GlobalSection(SolutionConfigurationPlatforms) = preSolution
		Debug|Any CPU = Debug|Any CPU
		Release|Any CPU = Release|Any CPU
	EndGlobalSection
	GlobalSection(ProjectConfigurationPlatforms) = postSolution
		{85C4465C-A69F-4D74-ABEF-B111786CA61A}.Debug|Any CPU.ActiveCfg = Debug|Any CPU
		{85C4465C-A69F-4D74-ABEF-B111786CA61A}.Debug|Any CPU.Build.0 = Debug|Any CPU
		{85C4465C-A69F-4D74-ABEF-B111786CA61A}.Release|Any CPU.ActiveCfg = Release|Any CPU
		{85C4465C-A69F-4D74-ABEF-B111786CA61A}.Release|Any CPU.Build.0 = Release|Any CPU
		{C9467B83-46C3-4F51-94D1-4A4831B4AFC7}.Debug|Any CPU.ActiveCfg = Debug|Any CPU
		{C9467B83-46C3-4F51-94D1-4A4831B4AFC7}.Debug|Any CPU.Build.0 = Debug|Any CPU
		{C9467B83-46C3-4F51-94D1-4A4831B4AFC7}.Release|Any CPU.ActiveCfg = Release|Any CPU
		{C9467B83-46C3-4F51-94D1-4A4831B4AFC7}.Release|Any CPU.Build.0 = Release|Any CPU
		{73465541-BF08-4618-8338-65E34577E17C}.Debug|Any CPU.ActiveCfg = Debug|Any CPU
		{73465541-BF08-4618-8338-65E34577E17C}.Debug|Any CPU.Build.0 = Debug|Any CPU
		{73465541-BF08-4618-8338-65E34577E17C}.Release|Any CPU.ActiveCfg = Release|Any CPU
		{73465541-BF08-4618-8338-65E34577E17C}.Release|Any CPU.Build.0 = Release|Any CPU
	EndGlobalSection
	GlobalSection(SolutionProperties) = preSolution
		HideSolutionNode = FALSE
	EndGlobalSection
	GlobalSection(ExtensibilityGlobals) = postSolution
		SolutionGuid = {6395FF80-07E9-4D26-94A2-C4AAACAA08A8}
	EndGlobalSection
EndGlobal
