
Microsoft Visual Studio Solution File, Format Version 12.00
# Visual Studio Version 17
VisualStudioVersion = 17.6.33723.286
MinimumVisualStudioVersion = 10.0.40219.1
Project("{9A19103F-16F7-4668-BE54-9A1E7A4F7556}") = "Peponi.SourceGenerators", "Peponi.SourceGenerators\Peponi.SourceGenerators\Peponi.SourceGenerators.csproj", "{E7BBECA3-AA32-4841-A9E6-3A6014C2169B}"
EndProject
Project("{9A19103F-16F7-4668-BE54-9A1E7A4F7556}") = "Peponi.Core", "Peponi.Core\Peponi.Core\Peponi.Core.csproj", "{D74198BE-3177-4E79-9E5D-6E35C149F966}"
EndProject
Project("{9A19103F-16F7-4668-BE54-9A1E7A4F7556}") = "Peponi.Logger", "Peponi.Logger\Peponi.Logger\Peponi.Logger.csproj", "{6841E14B-D096-4C7E-BDE8-39C47FBE0C3E}"
EndProject
Project("{9A19103F-16F7-4668-BE54-9A1E7A4F7556}") = "Peponi.Maths", "Peponi.Maths\Peponi.Maths\Peponi.Maths.csproj", "{17DEEF74-8E90-49ED-AECD-832355049024}"
EndProject
Project("{9A19103F-16F7-4668-BE54-9A1E7A4F7556}") = "Peponi.FreeSpaceManagement", "Peponi.FreeSpaceManagement\Peponi.FreeSpaceManagement\Peponi.FreeSpaceManagement.csproj", "{81C21FF1-7C07-447E-8ECA-042DDAC6AF13}"
EndProject
Global
	GlobalSection(SolutionConfigurationPlatforms) = preSolution
		Debug|Any CPU = Debug|Any CPU
		Release|Any CPU = Release|Any CPU
	EndGlobalSection
	GlobalSection(ProjectConfigurationPlatforms) = postSolution
		{E7BBECA3-AA32-4841-A9E6-3A6014C2169B}.Debug|Any CPU.ActiveCfg = Debug|Any CPU
		{E7BBECA3-AA32-4841-A9E6-3A6014C2169B}.Debug|Any CPU.Build.0 = Debug|Any CPU
		{E7BBECA3-AA32-4841-A9E6-3A6014C2169B}.Release|Any CPU.ActiveCfg = Release|Any CPU
		{E7BBECA3-AA32-4841-A9E6-3A6014C2169B}.Release|Any CPU.Build.0 = Release|Any CPU
		{D74198BE-3177-4E79-9E5D-6E35C149F966}.Debug|Any CPU.ActiveCfg = Debug|Any CPU
		{D74198BE-3177-4E79-9E5D-6E35C149F966}.Debug|Any CPU.Build.0 = Debug|Any CPU
		{D74198BE-3177-4E79-9E5D-6E35C149F966}.Release|Any CPU.ActiveCfg = Release|Any CPU
		{D74198BE-3177-4E79-9E5D-6E35C149F966}.Release|Any CPU.Build.0 = Release|Any CPU
		{6841E14B-D096-4C7E-BDE8-39C47FBE0C3E}.Debug|Any CPU.ActiveCfg = Debug|Any CPU
		{6841E14B-D096-4C7E-BDE8-39C47FBE0C3E}.Debug|Any CPU.Build.0 = Debug|Any CPU
		{6841E14B-D096-4C7E-BDE8-39C47FBE0C3E}.Release|Any CPU.ActiveCfg = Release|Any CPU
		{6841E14B-D096-4C7E-BDE8-39C47FBE0C3E}.Release|Any CPU.Build.0 = Release|Any CPU
		{17DEEF74-8E90-49ED-AECD-832355049024}.Debug|Any CPU.ActiveCfg = Debug|Any CPU
		{17DEEF74-8E90-49ED-AECD-832355049024}.Debug|Any CPU.Build.0 = Debug|Any CPU
		{17DEEF74-8E90-49ED-AECD-832355049024}.Release|Any CPU.ActiveCfg = Release|Any CPU
		{17DEEF74-8E90-49ED-AECD-832355049024}.Release|Any CPU.Build.0 = Release|Any CPU
		{81C21FF1-7C07-447E-8ECA-042DDAC6AF13}.Debug|Any CPU.ActiveCfg = Debug|Any CPU
		{81C21FF1-7C07-447E-8ECA-042DDAC6AF13}.Debug|Any CPU.Build.0 = Debug|Any CPU
		{81C21FF1-7C07-447E-8ECA-042DDAC6AF13}.Release|Any CPU.ActiveCfg = Release|Any CPU
		{81C21FF1-7C07-447E-8ECA-042DDAC6AF13}.Release|Any CPU.Build.0 = Release|Any CPU
	EndGlobalSection
	GlobalSection(SolutionProperties) = preSolution
		HideSolutionNode = FALSE
	EndGlobalSection
	GlobalSection(ExtensibilityGlobals) = postSolution
		SolutionGuid = {C809B826-2F4D-483D-9B8A-1061F32DDA42}
	EndGlobalSection
EndGlobal
