
Microsoft Visual Studio Solution File, Format Version 12.00
# Visual Studio Version 17
VisualStudioVersion = 17.6.33723.286
MinimumVisualStudioVersion = 10.0.40219.1
Project("{9A19103F-16F7-4668-BE54-9A1E7A4F7556}") = "Peponi.Core", "Peponi.Core\Peponi.Core.csproj", "{FF5884FD-0FBD-403F-81F2-48C2AE4D406C}"
EndProject
Global
	GlobalSection(SolutionConfigurationPlatforms) = preSolution
		Debug|Any CPU = Debug|Any CPU
		Release|Any CPU = Release|Any CPU
	EndGlobalSection
	GlobalSection(ProjectConfigurationPlatforms) = postSolution
		{FF5884FD-0FBD-403F-81F2-48C2AE4D406C}.Debug|Any CPU.ActiveCfg = Debug|Any CPU
		{FF5884FD-0FBD-403F-81F2-48C2AE4D406C}.Debug|Any CPU.Build.0 = Debug|Any CPU
		{FF5884FD-0FBD-403F-81F2-48C2AE4D406C}.Release|Any CPU.ActiveCfg = Release|Any CPU
		{FF5884FD-0FBD-403F-81F2-48C2AE4D406C}.Release|Any CPU.Build.0 = Release|Any CPU
	EndGlobalSection
	GlobalSection(SolutionProperties) = preSolution
		HideSolutionNode = FALSE
	EndGlobalSection
	GlobalSection(ExtensibilityGlobals) = postSolution
		SolutionGuid = {C093E3FA-6694-47CD-8C44-C97789756C92}
	EndGlobalSection
EndGlobal
