
Microsoft Visual Studio Solution File, Format Version 12.00
# Visual Studio Version 17
VisualStudioVersion = 17.6.33723.286
MinimumVisualStudioVersion = 10.0.40219.1
Project("{9A19103F-16F7-4668-BE54-9A1E7A4F7556}") = "Peponi.Math", "Peponi.Math\Peponi.Math.csproj", "{263F84CC-1939-41D3-A8FD-B84D27A00662}"
EndProject
Project("{9A19103F-16F7-4668-BE54-9A1E7A4F7556}") = "Peponi.Math.Tests", "Peponi.Math.Tests\Peponi.Math.Tests.csproj", "{CBC81F7A-C554-4A62-A3BA-9D78D516558D}"
EndProject
Global
	GlobalSection(SolutionConfigurationPlatforms) = preSolution
		Debug|Any CPU = Debug|Any CPU
		Release|Any CPU = Release|Any CPU
	EndGlobalSection
	GlobalSection(ProjectConfigurationPlatforms) = postSolution
		{263F84CC-1939-41D3-A8FD-B84D27A00662}.Debug|Any CPU.ActiveCfg = Debug|Any CPU
		{263F84CC-1939-41D3-A8FD-B84D27A00662}.Debug|Any CPU.Build.0 = Debug|Any CPU
		{263F84CC-1939-41D3-A8FD-B84D27A00662}.Release|Any CPU.ActiveCfg = Release|Any CPU
		{263F84CC-1939-41D3-A8FD-B84D27A00662}.Release|Any CPU.Build.0 = Release|Any CPU
		{CBC81F7A-C554-4A62-A3BA-9D78D516558D}.Debug|Any CPU.ActiveCfg = Debug|Any CPU
		{CBC81F7A-C554-4A62-A3BA-9D78D516558D}.Debug|Any CPU.Build.0 = Debug|Any CPU
		{CBC81F7A-C554-4A62-A3BA-9D78D516558D}.Release|Any CPU.ActiveCfg = Release|Any CPU
		{CBC81F7A-C554-4A62-A3BA-9D78D516558D}.Release|Any CPU.Build.0 = Release|Any CPU
	EndGlobalSection
	GlobalSection(SolutionProperties) = preSolution
		HideSolutionNode = FALSE
	EndGlobalSection
	GlobalSection(ExtensibilityGlobals) = postSolution
		SolutionGuid = {D54E4A3A-4366-4895-84C9-D0E1A379B638}
	EndGlobalSection
EndGlobal
